
Microsoft Visual Studio Solution File, Format Version 12.00
# Visual Studio Version 17
VisualStudioVersion = 17.2.32616.157
MinimumVisualStudioVersion = 10.0.40219.1
Project("{9A19103F-16F7-4668-BE54-9A1E7A4F7556}") = "BeerDrivenDesign.Api", "BeerDrivenDesign.Api\BeerDrivenDesign.Api.csproj", "{43E13E7E-D66F-416C-B2D6-388259297D09}"
EndProject
Project("{9A19103F-16F7-4668-BE54-9A1E7A4F7556}") = "BeerDrivenDesign.ReadModel", "BeerDrivenDesign.ReadModel\BeerDrivenDesign.ReadModel.csproj", "{964494F2-2159-4C39-9D8A-49CA42CCBEB6}"
EndProject
Project("{2150E333-8FDC-42A3-9474-1A3956D46DE8}") = "90 Presentation", "90 Presentation", "{252FAA7D-8ACF-4ACF-9392-A2E99F49F1A0}"
EndProject
Project("{2150E333-8FDC-42A3-9474-1A3956D46DE8}") = "40 ReadModel", "40 ReadModel", "{BFCF5BFC-EC26-4C22-93C3-DB46925673C7}"
EndProject
Project("{2150E333-8FDC-42A3-9474-1A3956D46DE8}") = "30 Shared", "30 Shared", "{65D4789C-CD75-45B1-A822-6353A5A255F6}"
EndProject
Project("{9A19103F-16F7-4668-BE54-9A1E7A4F7556}") = "BeerDrivenDesign.Api.Shared", "BeerDrivenDesign.Api.Shared\BeerDrivenDesign.Api.Shared.csproj", "{BEEB18E6-9484-4DE7-878F-54368F799F35}"
EndProject
Project("{2150E333-8FDC-42A3-9474-1A3956D46DE8}") = "20 Infrastructure", "20 Infrastructure", "{05DC3254-C93F-45FF-8F87-62C6A3583041}"
EndProject
Project("{9A19103F-16F7-4668-BE54-9A1E7A4F7556}") = "BeerDrivenDesign.ReadModel.MongoDb", "BeerDrivenDesign.ReadModel.MongoDb\BeerDrivenDesign.ReadModel.MongoDb.csproj", "{6C7B46CA-F172-4E15-B871-260EBE8CDE46}"
EndProject
Project("{2150E333-8FDC-42A3-9474-1A3956D46DE8}") = "MongoDb", "MongoDb", "{D4F97378-EB38-4D81-923E-62DDBCEEC797}"
EndProject
Global
	GlobalSection(SolutionConfigurationPlatforms) = preSolution
		Debug|Any CPU = Debug|Any CPU
		Release|Any CPU = Release|Any CPU
	EndGlobalSection
	GlobalSection(ProjectConfigurationPlatforms) = postSolution
		{43E13E7E-D66F-416C-B2D6-388259297D09}.Debug|Any CPU.ActiveCfg = Debug|Any CPU
		{43E13E7E-D66F-416C-B2D6-388259297D09}.Debug|Any CPU.Build.0 = Debug|Any CPU
		{43E13E7E-D66F-416C-B2D6-388259297D09}.Release|Any CPU.ActiveCfg = Release|Any CPU
		{43E13E7E-D66F-416C-B2D6-388259297D09}.Release|Any CPU.Build.0 = Release|Any CPU
		{964494F2-2159-4C39-9D8A-49CA42CCBEB6}.Debug|Any CPU.ActiveCfg = Debug|Any CPU
		{964494F2-2159-4C39-9D8A-49CA42CCBEB6}.Debug|Any CPU.Build.0 = Debug|Any CPU
		{964494F2-2159-4C39-9D8A-49CA42CCBEB6}.Release|Any CPU.ActiveCfg = Release|Any CPU
		{964494F2-2159-4C39-9D8A-49CA42CCBEB6}.Release|Any CPU.Build.0 = Release|Any CPU
		{BEEB18E6-9484-4DE7-878F-54368F799F35}.Debug|Any CPU.ActiveCfg = Debug|Any CPU
		{BEEB18E6-9484-4DE7-878F-54368F799F35}.Debug|Any CPU.Build.0 = Debug|Any CPU
		{BEEB18E6-9484-4DE7-878F-54368F799F35}.Release|Any CPU.ActiveCfg = Release|Any CPU
		{BEEB18E6-9484-4DE7-878F-54368F799F35}.Release|Any CPU.Build.0 = Release|Any CPU
		{6C7B46CA-F172-4E15-B871-260EBE8CDE46}.Debug|Any CPU.ActiveCfg = Debug|Any CPU
		{6C7B46CA-F172-4E15-B871-260EBE8CDE46}.Debug|Any CPU.Build.0 = Debug|Any CPU
		{6C7B46CA-F172-4E15-B871-260EBE8CDE46}.Release|Any CPU.ActiveCfg = Release|Any CPU
		{6C7B46CA-F172-4E15-B871-260EBE8CDE46}.Release|Any CPU.Build.0 = Release|Any CPU
	EndGlobalSection
	GlobalSection(SolutionProperties) = preSolution
		HideSolutionNode = FALSE
	EndGlobalSection
	GlobalSection(NestedProjects) = preSolution
		{43E13E7E-D66F-416C-B2D6-388259297D09} = {252FAA7D-8ACF-4ACF-9392-A2E99F49F1A0}
		{964494F2-2159-4C39-9D8A-49CA42CCBEB6} = {BFCF5BFC-EC26-4C22-93C3-DB46925673C7}
		{BEEB18E6-9484-4DE7-878F-54368F799F35} = {65D4789C-CD75-45B1-A822-6353A5A255F6}
		{6C7B46CA-F172-4E15-B871-260EBE8CDE46} = {D4F97378-EB38-4D81-923E-62DDBCEEC797}
		{D4F97378-EB38-4D81-923E-62DDBCEEC797} = {05DC3254-C93F-45FF-8F87-62C6A3583041}
	EndGlobalSection
	GlobalSection(ExtensibilityGlobals) = postSolution
		SolutionGuid = {347AA373-5AB4-48C0-B34B-AADED3524E84}
	EndGlobalSection
EndGlobal
