
Microsoft Visual Studio Solution File, Format Version 12.00
# Visual Studio Version 17
VisualStudioVersion = 17.2.32616.157
MinimumVisualStudioVersion = 10.0.40219.1
Project("{9A19103F-16F7-4668-BE54-9A1E7A4F7556}") = "BeerDrivenDesign.Api", "BeerDrivenDesign.Api\BeerDrivenDesign.Api.csproj", "{43E13E7E-D66F-416C-B2D6-388259297D09}"
EndProject
Project("{9A19103F-16F7-4668-BE54-9A1E7A4F7556}") = "BeerDrivenDesign.Modules.Acquisti", "BeerDrivenDesign.Modules.Acquisti\BeerDrivenDesign.Modules.Acquisti.csproj", "{49C058D5-3593-4FAE-83E1-2EBD04CA82D7}"
EndProject
Project("{9A19103F-16F7-4668-BE54-9A1E7A4F7556}") = "BeerDrivenDesign.Modules.Acquisti.Tests", "BeerDrivenDesign.Modules.Acquisti.Tests\BeerDrivenDesign.Modules.Acquisti.Tests.csproj", "{FF07098B-70A1-40A4-AB1F-29F8008981F4}"
EndProject
Project("{9A19103F-16F7-4668-BE54-9A1E7A4F7556}") = "BeerDrivenDesign.Modules.Commerciale", "BeerDrivenDesign.Modules.Commerciale\BeerDrivenDesign.Modules.Commerciale.csproj", "{19DAC392-B028-4F08-A812-D53395B1E8E7}"
EndProject
Project("{9A19103F-16F7-4668-BE54-9A1E7A4F7556}") = "BeerDrivenDesign.Modules.Commerciale.Tests", "BeerDrivenDesign.Modules.Commerciale.Tests\BeerDrivenDesign.Modules.Commerciale.Tests.csproj", "{67781741-6B7A-44C4-9386-EA52227F48DD}"
EndProject
Project("{9A19103F-16F7-4668-BE54-9A1E7A4F7556}") = "BeerDrivenDesign.Modules.Produzione", "BeerDrivenDesign.Modules.Produzione\BeerDrivenDesign.Modules.Produzione.csproj", "{9EB59E2E-F534-4F7D-8FAF-FA529A3B663B}"
EndProject
Project("{9A19103F-16F7-4668-BE54-9A1E7A4F7556}") = "BeerDrivenDesign.Modules.Produzione.Tests", "BeerDrivenDesign.Modules.Produzione.Tests\BeerDrivenDesign.Modules.Produzione.Tests.csproj", "{99EF10EA-FFE1-4BC1-B1E2-7FB4363C712F}"
EndProject
Project("{9A19103F-16F7-4668-BE54-9A1E7A4F7556}") = "BeerDrivenDesign.ReadModel", "BeerDrivenDesign.ReadModel\BeerDrivenDesign.ReadModel.csproj", "{964494F2-2159-4C39-9D8A-49CA42CCBEB6}"
EndProject
Project("{9A19103F-16F7-4668-BE54-9A1E7A4F7556}") = "BeerDrivenDesign.Modules.Produzione.Domain", "BeerDrivenDesign.Modules.Produzione.Domain\BeerDrivenDesign.Modules.Produzione.Domain.csproj", "{312E4696-025B-4D9A-93E3-3ADEBFF28BEB}"
EndProject
Project("{2150E333-8FDC-42A3-9474-1A3956D46DE8}") = "90 Presentation", "90 Presentation", "{252FAA7D-8ACF-4ACF-9392-A2E99F49F1A0}"
EndProject
Project("{2150E333-8FDC-42A3-9474-1A3956D46DE8}") = "60 Modules", "60 Modules", "{725C5103-31FF-4E4B-B91F-0B956B7A4DEE}"
EndProject
Project("{2150E333-8FDC-42A3-9474-1A3956D46DE8}") = "Produzione", "Produzione", "{E904FFAE-E02B-4E6D-BD0D-C2BCD33DAE18}"
EndProject
Project("{2150E333-8FDC-42A3-9474-1A3956D46DE8}") = "Acquisti", "Acquisti", "{31C92972-8729-4BA8-801F-F82AF730ACE6}"
EndProject
Project("{2150E333-8FDC-42A3-9474-1A3956D46DE8}") = "Commerciale", "Commerciale", "{FABE7EBE-FD44-464C-9F83-CA688233C720}"
EndProject
Project("{2150E333-8FDC-42A3-9474-1A3956D46DE8}") = "40 ReadModel", "40 ReadModel", "{BFCF5BFC-EC26-4C22-93C3-DB46925673C7}"
EndProject
Project("{2150E333-8FDC-42A3-9474-1A3956D46DE8}") = "Tests", "Tests", "{D27C5EA9-A463-4171-9502-D5B9A7658C44}"
EndProject
Project("{9A19103F-16F7-4668-BE54-9A1E7A4F7556}") = "BeerDrivenDesign.Modules.Produzione.Domain.Tests", "BeerDrivenDesign.Modules.Produzione.Domain.Tests\BeerDrivenDesign.Modules.Produzione.Domain.Tests.csproj", "{7E66DA37-EB89-4685-BED6-659DE45712BB}"
EndProject
Project("{2150E333-8FDC-42A3-9474-1A3956D46DE8}") = "30 Shared", "30 Shared", "{65D4789C-CD75-45B1-A822-6353A5A255F6}"
EndProject
Project("{9A19103F-16F7-4668-BE54-9A1E7A4F7556}") = "BeerDrivenDesign.Api.Shared", "BeerDrivenDesign.Api.Shared\BeerDrivenDesign.Api.Shared.csproj", "{BEEB18E6-9484-4DE7-878F-54368F799F35}"
EndProject
Project("{2150E333-8FDC-42A3-9474-1A3956D46DE8}") = "20 Infrastructure", "20 Infrastructure", "{05DC3254-C93F-45FF-8F87-62C6A3583041}"
EndProject
Project("{9A19103F-16F7-4668-BE54-9A1E7A4F7556}") = "BeerDrivenDesign.ReadModel.MongoDb", "BeerDrivenDesign.ReadModel.MongoDb\BeerDrivenDesign.ReadModel.MongoDb.csproj", "{6C7B46CA-F172-4E15-B871-260EBE8CDE46}"
EndProject
Project("{2150E333-8FDC-42A3-9474-1A3956D46DE8}") = "MongoDb", "MongoDb", "{D4F97378-EB38-4D81-923E-62DDBCEEC797}"
EndProject
Project("{9A19103F-16F7-4668-BE54-9A1E7A4F7556}") = "BrewUp.Shared.Messages", "BrewUp.Shared.Messages\BrewUp.Shared.Messages.csproj", "{C385A354-832B-411E-88C2-AA7BCA43E8FD}"
EndProject
Project("{FAE04EC0-301F-11D3-BF4B-00C04F79EFBC}") = "BeerDrivenDesign.Modules.Produzione.Shared", "BeerDrivenDesign.Modules.Produzione.Shared\BeerDrivenDesign.Modules.Produzione.Shared.csproj", "{F8B2A78F-9F6C-4157-A53F-B577BA11704D}"
EndProject
Global
	GlobalSection(SolutionConfigurationPlatforms) = preSolution
		Debug|Any CPU = Debug|Any CPU
		Release|Any CPU = Release|Any CPU
	EndGlobalSection
	GlobalSection(ProjectConfigurationPlatforms) = postSolution
		{43E13E7E-D66F-416C-B2D6-388259297D09}.Debug|Any CPU.ActiveCfg = Debug|Any CPU
		{43E13E7E-D66F-416C-B2D6-388259297D09}.Debug|Any CPU.Build.0 = Debug|Any CPU
		{43E13E7E-D66F-416C-B2D6-388259297D09}.Release|Any CPU.ActiveCfg = Release|Any CPU
		{43E13E7E-D66F-416C-B2D6-388259297D09}.Release|Any CPU.Build.0 = Release|Any CPU
		{49C058D5-3593-4FAE-83E1-2EBD04CA82D7}.Debug|Any CPU.ActiveCfg = Debug|Any CPU
		{49C058D5-3593-4FAE-83E1-2EBD04CA82D7}.Debug|Any CPU.Build.0 = Debug|Any CPU
		{49C058D5-3593-4FAE-83E1-2EBD04CA82D7}.Release|Any CPU.ActiveCfg = Release|Any CPU
		{49C058D5-3593-4FAE-83E1-2EBD04CA82D7}.Release|Any CPU.Build.0 = Release|Any CPU
		{FF07098B-70A1-40A4-AB1F-29F8008981F4}.Debug|Any CPU.ActiveCfg = Debug|Any CPU
		{FF07098B-70A1-40A4-AB1F-29F8008981F4}.Debug|Any CPU.Build.0 = Debug|Any CPU
		{FF07098B-70A1-40A4-AB1F-29F8008981F4}.Release|Any CPU.ActiveCfg = Release|Any CPU
		{FF07098B-70A1-40A4-AB1F-29F8008981F4}.Release|Any CPU.Build.0 = Release|Any CPU
		{19DAC392-B028-4F08-A812-D53395B1E8E7}.Debug|Any CPU.ActiveCfg = Debug|Any CPU
		{19DAC392-B028-4F08-A812-D53395B1E8E7}.Debug|Any CPU.Build.0 = Debug|Any CPU
		{19DAC392-B028-4F08-A812-D53395B1E8E7}.Release|Any CPU.ActiveCfg = Release|Any CPU
		{19DAC392-B028-4F08-A812-D53395B1E8E7}.Release|Any CPU.Build.0 = Release|Any CPU
		{67781741-6B7A-44C4-9386-EA52227F48DD}.Debug|Any CPU.ActiveCfg = Debug|Any CPU
		{67781741-6B7A-44C4-9386-EA52227F48DD}.Debug|Any CPU.Build.0 = Debug|Any CPU
		{67781741-6B7A-44C4-9386-EA52227F48DD}.Release|Any CPU.ActiveCfg = Release|Any CPU
		{67781741-6B7A-44C4-9386-EA52227F48DD}.Release|Any CPU.Build.0 = Release|Any CPU
		{9EB59E2E-F534-4F7D-8FAF-FA529A3B663B}.Debug|Any CPU.ActiveCfg = Debug|Any CPU
		{9EB59E2E-F534-4F7D-8FAF-FA529A3B663B}.Debug|Any CPU.Build.0 = Debug|Any CPU
		{9EB59E2E-F534-4F7D-8FAF-FA529A3B663B}.Release|Any CPU.ActiveCfg = Release|Any CPU
		{9EB59E2E-F534-4F7D-8FAF-FA529A3B663B}.Release|Any CPU.Build.0 = Release|Any CPU
		{99EF10EA-FFE1-4BC1-B1E2-7FB4363C712F}.Debug|Any CPU.ActiveCfg = Debug|Any CPU
		{99EF10EA-FFE1-4BC1-B1E2-7FB4363C712F}.Debug|Any CPU.Build.0 = Debug|Any CPU
		{99EF10EA-FFE1-4BC1-B1E2-7FB4363C712F}.Release|Any CPU.ActiveCfg = Release|Any CPU
		{99EF10EA-FFE1-4BC1-B1E2-7FB4363C712F}.Release|Any CPU.Build.0 = Release|Any CPU
		{964494F2-2159-4C39-9D8A-49CA42CCBEB6}.Debug|Any CPU.ActiveCfg = Debug|Any CPU
		{964494F2-2159-4C39-9D8A-49CA42CCBEB6}.Debug|Any CPU.Build.0 = Debug|Any CPU
		{964494F2-2159-4C39-9D8A-49CA42CCBEB6}.Release|Any CPU.ActiveCfg = Release|Any CPU
		{964494F2-2159-4C39-9D8A-49CA42CCBEB6}.Release|Any CPU.Build.0 = Release|Any CPU
		{312E4696-025B-4D9A-93E3-3ADEBFF28BEB}.Debug|Any CPU.ActiveCfg = Debug|Any CPU
		{312E4696-025B-4D9A-93E3-3ADEBFF28BEB}.Debug|Any CPU.Build.0 = Debug|Any CPU
		{312E4696-025B-4D9A-93E3-3ADEBFF28BEB}.Release|Any CPU.ActiveCfg = Release|Any CPU
		{312E4696-025B-4D9A-93E3-3ADEBFF28BEB}.Release|Any CPU.Build.0 = Release|Any CPU
		{7E66DA37-EB89-4685-BED6-659DE45712BB}.Debug|Any CPU.ActiveCfg = Debug|Any CPU
		{7E66DA37-EB89-4685-BED6-659DE45712BB}.Debug|Any CPU.Build.0 = Debug|Any CPU
		{7E66DA37-EB89-4685-BED6-659DE45712BB}.Release|Any CPU.ActiveCfg = Release|Any CPU
		{7E66DA37-EB89-4685-BED6-659DE45712BB}.Release|Any CPU.Build.0 = Release|Any CPU
		{BEEB18E6-9484-4DE7-878F-54368F799F35}.Debug|Any CPU.ActiveCfg = Debug|Any CPU
		{BEEB18E6-9484-4DE7-878F-54368F799F35}.Debug|Any CPU.Build.0 = Debug|Any CPU
		{BEEB18E6-9484-4DE7-878F-54368F799F35}.Release|Any CPU.ActiveCfg = Release|Any CPU
		{BEEB18E6-9484-4DE7-878F-54368F799F35}.Release|Any CPU.Build.0 = Release|Any CPU
		{6C7B46CA-F172-4E15-B871-260EBE8CDE46}.Debug|Any CPU.ActiveCfg = Debug|Any CPU
		{6C7B46CA-F172-4E15-B871-260EBE8CDE46}.Debug|Any CPU.Build.0 = Debug|Any CPU
		{6C7B46CA-F172-4E15-B871-260EBE8CDE46}.Release|Any CPU.ActiveCfg = Release|Any CPU
		{6C7B46CA-F172-4E15-B871-260EBE8CDE46}.Release|Any CPU.Build.0 = Release|Any CPU
		{C385A354-832B-411E-88C2-AA7BCA43E8FD}.Debug|Any CPU.ActiveCfg = Debug|Any CPU
		{C385A354-832B-411E-88C2-AA7BCA43E8FD}.Debug|Any CPU.Build.0 = Debug|Any CPU
		{C385A354-832B-411E-88C2-AA7BCA43E8FD}.Release|Any CPU.ActiveCfg = Release|Any CPU
		{C385A354-832B-411E-88C2-AA7BCA43E8FD}.Release|Any CPU.Build.0 = Release|Any CPU
		{F8B2A78F-9F6C-4157-A53F-B577BA11704D}.Debug|Any CPU.ActiveCfg = Debug|Any CPU
		{F8B2A78F-9F6C-4157-A53F-B577BA11704D}.Debug|Any CPU.Build.0 = Debug|Any CPU
		{F8B2A78F-9F6C-4157-A53F-B577BA11704D}.Release|Any CPU.ActiveCfg = Release|Any CPU
		{F8B2A78F-9F6C-4157-A53F-B577BA11704D}.Release|Any CPU.Build.0 = Release|Any CPU
	EndGlobalSection
	GlobalSection(SolutionProperties) = preSolution
		HideSolutionNode = FALSE
	EndGlobalSection
	GlobalSection(NestedProjects) = preSolution
		{43E13E7E-D66F-416C-B2D6-388259297D09} = {252FAA7D-8ACF-4ACF-9392-A2E99F49F1A0}
		{49C058D5-3593-4FAE-83E1-2EBD04CA82D7} = {31C92972-8729-4BA8-801F-F82AF730ACE6}
		{FF07098B-70A1-40A4-AB1F-29F8008981F4} = {31C92972-8729-4BA8-801F-F82AF730ACE6}
		{19DAC392-B028-4F08-A812-D53395B1E8E7} = {FABE7EBE-FD44-464C-9F83-CA688233C720}
		{67781741-6B7A-44C4-9386-EA52227F48DD} = {FABE7EBE-FD44-464C-9F83-CA688233C720}
		{9EB59E2E-F534-4F7D-8FAF-FA529A3B663B} = {E904FFAE-E02B-4E6D-BD0D-C2BCD33DAE18}
		{99EF10EA-FFE1-4BC1-B1E2-7FB4363C712F} = {D27C5EA9-A463-4171-9502-D5B9A7658C44}
		{964494F2-2159-4C39-9D8A-49CA42CCBEB6} = {BFCF5BFC-EC26-4C22-93C3-DB46925673C7}
		{312E4696-025B-4D9A-93E3-3ADEBFF28BEB} = {E904FFAE-E02B-4E6D-BD0D-C2BCD33DAE18}
		{E904FFAE-E02B-4E6D-BD0D-C2BCD33DAE18} = {725C5103-31FF-4E4B-B91F-0B956B7A4DEE}
		{31C92972-8729-4BA8-801F-F82AF730ACE6} = {725C5103-31FF-4E4B-B91F-0B956B7A4DEE}
		{FABE7EBE-FD44-464C-9F83-CA688233C720} = {725C5103-31FF-4E4B-B91F-0B956B7A4DEE}
		{D27C5EA9-A463-4171-9502-D5B9A7658C44} = {E904FFAE-E02B-4E6D-BD0D-C2BCD33DAE18}
		{7E66DA37-EB89-4685-BED6-659DE45712BB} = {D27C5EA9-A463-4171-9502-D5B9A7658C44}
		{BEEB18E6-9484-4DE7-878F-54368F799F35} = {65D4789C-CD75-45B1-A822-6353A5A255F6}
		{6C7B46CA-F172-4E15-B871-260EBE8CDE46} = {D4F97378-EB38-4D81-923E-62DDBCEEC797}
		{D4F97378-EB38-4D81-923E-62DDBCEEC797} = {05DC3254-C93F-45FF-8F87-62C6A3583041}
		{C385A354-832B-411E-88C2-AA7BCA43E8FD} = {65D4789C-CD75-45B1-A822-6353A5A255F6}
		{F8B2A78F-9F6C-4157-A53F-B577BA11704D} = {E904FFAE-E02B-4E6D-BD0D-C2BCD33DAE18}
	EndGlobalSection
	GlobalSection(ExtensibilityGlobals) = postSolution
		SolutionGuid = {347AA373-5AB4-48C0-B34B-AADED3524E84}
	EndGlobalSection
EndGlobal
